
Microsoft Visual Studio Solution File, Format Version 12.00
# Visual Studio Version 17
VisualStudioVersion = 17.3.32825.248
MinimumVisualStudioVersion = 10.0.40219.1
Project("{FAE04EC0-301F-11D3-BF4B-00C04F79EFBC}") = "Inheritance1", "Inheritance1\Inheritance1.csproj", "{46BB8BB7-3489-4FBB-A492-B66CFE1CFC05}"
EndProject
Global
	GlobalSection(SolutionConfigurationPlatforms) = preSolution
		Debug|Any CPU = Debug|Any CPU
		Release|Any CPU = Release|Any CPU
	EndGlobalSection
	GlobalSection(ProjectConfigurationPlatforms) = postSolution
		{46BB8BB7-3489-4FBB-A492-B66CFE1CFC05}.Debug|Any CPU.ActiveCfg = Debug|Any CPU
		{46BB8BB7-3489-4FBB-A492-B66CFE1CFC05}.Debug|Any CPU.Build.0 = Debug|Any CPU
		{46BB8BB7-3489-4FBB-A492-B66CFE1CFC05}.Release|Any CPU.ActiveCfg = Release|Any CPU
		{46BB8BB7-3489-4FBB-A492-B66CFE1CFC05}.Release|Any CPU.Build.0 = Release|Any CPU
	EndGlobalSection
	GlobalSection(SolutionProperties) = preSolution
		HideSolutionNode = FALSE
	EndGlobalSection
	GlobalSection(ExtensibilityGlobals) = postSolution
		SolutionGuid = {52BA22F5-5E8B-4AA5-8541-79FAC41218D2}
	EndGlobalSection
EndGlobal
